
Microsoft Visual Studio Solution File, Format Version 12.00
# Visual Studio Version 17
VisualStudioVersion = 17.0.31903.59
MinimumVisualStudioVersion = 10.0.40219.1
Project("{2150E333-8FDC-42A3-9474-1A3956D46DE8}") = "src", "src", "{827E0CD3-B72D-47B6-A68D-7590B98EB39B}"
EndProject
Project("{FAE04EC0-301F-11D3-BF4B-00C04F79EFBC}") = "WeatherApi.Domain", "src\WeatherApi.Domain\WeatherApi.Domain.csproj", "{E724D48F-7BD6-40D7-802B-73791F2C57DF}"
EndProject
Project("{FAE04EC0-301F-11D3-BF4B-00C04F79EFBC}") = "WeatherApi.Application", "src\WeatherApi.Application\WeatherApi.Application.csproj", "{8E5B5118-392D-43A5-B5C5-62DEEBBB42F2}"
EndProject
Project("{FAE04EC0-301F-11D3-BF4B-00C04F79EFBC}") = "WeatherApi.Infrastructure", "src\WeatherApi.Infrastructure\WeatherApi.Infrastructure.csproj", "{E30D8DA2-806F-48E7-A720-E92EFD1C478D}"
EndProject
Project("{FAE04EC0-301F-11D3-BF4B-00C04F79EFBC}") = "WeatherApi.Api", "src\WeatherApi.Api\WeatherApi.Api.csproj", "{5DB6A230-9A9C-4170-B1B9-5D18582924A1}"
EndProject
Project("{2150E333-8FDC-42A3-9474-1A3956D46DE8}") = "tests", "tests", "{0AB3BF05-4346-4AA6-1389-037BE0695223}"
EndProject
Project("{FAE04EC0-301F-11D3-BF4B-00C04F79EFBC}") = "WeatherApi.UnitTests", "tests\WeatherApi.UnitTests\WeatherApi.UnitTests.csproj", "{6CEC5544-1197-4384-8C4E-6F1BA4DFD977}"
EndProject
Project("{FAE04EC0-301F-11D3-BF4B-00C04F79EFBC}") = "WeatherApi.IntegrationTests", "tests\WeatherApi.IntegrationTests\WeatherApi.IntegrationTests.csproj", "{BC84F4E1-F0BB-4A44-A56A-344900879AAE}"
EndProject
Global
	GlobalSection(SolutionConfigurationPlatforms) = preSolution
		Debug|Any CPU = Debug|Any CPU
		Debug|x64 = Debug|x64
		Debug|x86 = Debug|x86
		Release|Any CPU = Release|Any CPU
		Release|x64 = Release|x64
		Release|x86 = Release|x86
	EndGlobalSection
	GlobalSection(ProjectConfigurationPlatforms) = postSolution
		{E724D48F-7BD6-40D7-802B-73791F2C57DF}.Debug|Any CPU.ActiveCfg = Debug|Any CPU
		{E724D48F-7BD6-40D7-802B-73791F2C57DF}.Debug|Any CPU.Build.0 = Debug|Any CPU
		{E724D48F-7BD6-40D7-802B-73791F2C57DF}.Debug|x64.ActiveCfg = Debug|Any CPU
		{E724D48F-7BD6-40D7-802B-73791F2C57DF}.Debug|x64.Build.0 = Debug|Any CPU
		{E724D48F-7BD6-40D7-802B-73791F2C57DF}.Debug|x86.ActiveCfg = Debug|Any CPU
		{E724D48F-7BD6-40D7-802B-73791F2C57DF}.Debug|x86.Build.0 = Debug|Any CPU
		{E724D48F-7BD6-40D7-802B-73791F2C57DF}.Release|Any CPU.ActiveCfg = Release|Any CPU
		{E724D48F-7BD6-40D7-802B-73791F2C57DF}.Release|Any CPU.Build.0 = Release|Any CPU
		{E724D48F-7BD6-40D7-802B-73791F2C57DF}.Release|x64.ActiveCfg = Release|Any CPU
		{E724D48F-7BD6-40D7-802B-73791F2C57DF}.Release|x64.Build.0 = Release|Any CPU
		{E724D48F-7BD6-40D7-802B-73791F2C57DF}.Release|x86.ActiveCfg = Release|Any CPU
		{E724D48F-7BD6-40D7-802B-73791F2C57DF}.Release|x86.Build.0 = Release|Any CPU
		{8E5B5118-392D-43A5-B5C5-62DEEBBB42F2}.Debug|Any CPU.ActiveCfg = Debug|Any CPU
		{8E5B5118-392D-43A5-B5C5-62DEEBBB42F2}.Debug|Any CPU.Build.0 = Debug|Any CPU
		{8E5B5118-392D-43A5-B5C5-62DEEBBB42F2}.Debug|x64.ActiveCfg = Debug|Any CPU
		{8E5B5118-392D-43A5-B5C5-62DEEBBB42F2}.Debug|x64.Build.0 = Debug|Any CPU
		{8E5B5118-392D-43A5-B5C5-62DEEBBB42F2}.Debug|x86.ActiveCfg = Debug|Any CPU
		{8E5B5118-392D-43A5-B5C5-62DEEBBB42F2}.Debug|x86.Build.0 = Debug|Any CPU
		{8E5B5118-392D-43A5-B5C5-62DEEBBB42F2}.Release|Any CPU.ActiveCfg = Release|Any CPU
		{8E5B5118-392D-43A5-B5C5-62DEEBBB42F2}.Release|Any CPU.Build.0 = Release|Any CPU
		{8E5B5118-392D-43A5-B5C5-62DEEBBB42F2}.Release|x64.ActiveCfg = Release|Any CPU
		{8E5B5118-392D-43A5-B5C5-62DEEBBB42F2}.Release|x64.Build.0 = Release|Any CPU
		{8E5B5118-392D-43A5-B5C5-62DEEBBB42F2}.Release|x86.ActiveCfg = Release|Any CPU
		{8E5B5118-392D-43A5-B5C5-62DEEBBB42F2}.Release|x86.Build.0 = Release|Any CPU
		{E30D8DA2-806F-48E7-A720-E92EFD1C478D}.Debug|Any CPU.ActiveCfg = Debug|Any CPU
		{E30D8DA2-806F-48E7-A720-E92EFD1C478D}.Debug|Any CPU.Build.0 = Debug|Any CPU
		{E30D8DA2-806F-48E7-A720-E92EFD1C478D}.Debug|x64.ActiveCfg = Debug|Any CPU
		{E30D8DA2-806F-48E7-A720-E92EFD1C478D}.Debug|x64.Build.0 = Debug|Any CPU
		{E30D8DA2-806F-48E7-A720-E92EFD1C478D}.Debug|x86.ActiveCfg = Debug|Any CPU
		{E30D8DA2-806F-48E7-A720-E92EFD1C478D}.Debug|x86.Build.0 = Debug|Any CPU
		{E30D8DA2-806F-48E7-A720-E92EFD1C478D}.Release|Any CPU.ActiveCfg = Release|Any CPU
		{E30D8DA2-806F-48E7-A720-E92EFD1C478D}.Release|Any CPU.Build.0 = Release|Any CPU
		{E30D8DA2-806F-48E7-A720-E92EFD1C478D}.Release|x64.ActiveCfg = Release|Any CPU
		{E30D8DA2-806F-48E7-A720-E92EFD1C478D}.Release|x64.Build.0 = Release|Any CPU
		{E30D8DA2-806F-48E7-A720-E92EFD1C478D}.Release|x86.ActiveCfg = Release|Any CPU
		{E30D8DA2-806F-48E7-A720-E92EFD1C478D}.Release|x86.Build.0 = Release|Any CPU
		{5DB6A230-9A9C-4170-B1B9-5D18582924A1}.Debug|Any CPU.ActiveCfg = Debug|Any CPU
		{5DB6A230-9A9C-4170-B1B9-5D18582924A1}.Debug|Any CPU.Build.0 = Debug|Any CPU
		{5DB6A230-9A9C-4170-B1B9-5D18582924A1}.Debug|x64.ActiveCfg = Debug|Any CPU
		{5DB6A230-9A9C-4170-B1B9-5D18582924A1}.Debug|x64.Build.0 = Debug|Any CPU
		{5DB6A230-9A9C-4170-B1B9-5D18582924A1}.Debug|x86.ActiveCfg = Debug|Any CPU
		{5DB6A230-9A9C-4170-B1B9-5D18582924A1}.Debug|x86.Build.0 = Debug|Any CPU
		{5DB6A230-9A9C-4170-B1B9-5D18582924A1}.Release|Any CPU.ActiveCfg = Release|Any CPU
		{5DB6A230-9A9C-4170-B1B9-5D18582924A1}.Release|Any CPU.Build.0 = Release|Any CPU
		{5DB6A230-9A9C-4170-B1B9-5D18582924A1}.Release|x64.ActiveCfg = Release|Any CPU
		{5DB6A230-9A9C-4170-B1B9-5D18582924A1}.Release|x64.Build.0 = Release|Any CPU
		{5DB6A230-9A9C-4170-B1B9-5D18582924A1}.Release|x86.ActiveCfg = Release|Any CPU
		{5DB6A230-9A9C-4170-B1B9-5D18582924A1}.Release|x86.Build.0 = Release|Any CPU
		{6CEC5544-1197-4384-8C4E-6F1BA4DFD977}.Debug|Any CPU.ActiveCfg = Debug|Any CPU
		{6CEC5544-1197-4384-8C4E-6F1BA4DFD977}.Debug|Any CPU.Build.0 = Debug|Any CPU
		{6CEC5544-1197-4384-8C4E-6F1BA4DFD977}.Debug|x64.ActiveCfg = Debug|Any CPU
		{6CEC5544-1197-4384-8C4E-6F1BA4DFD977}.Debug|x64.Build.0 = Debug|Any CPU
		{6CEC5544-1197-4384-8C4E-6F1BA4DFD977}.Debug|x86.ActiveCfg = Debug|Any CPU
		{6CEC5544-1197-4384-8C4E-6F1BA4DFD977}.Debug|x86.Build.0 = Debug|Any CPU
		{6CEC5544-1197-4384-8C4E-6F1BA4DFD977}.Release|Any CPU.ActiveCfg = Release|Any CPU
		{6CEC5544-1197-4384-8C4E-6F1BA4DFD977}.Release|Any CPU.Build.0 = Release|Any CPU
		{6CEC5544-1197-4384-8C4E-6F1BA4DFD977}.Release|x64.ActiveCfg = Release|Any CPU
		{6CEC5544-1197-4384-8C4E-6F1BA4DFD977}.Release|x64.Build.0 = Release|Any CPU
		{6CEC5544-1197-4384-8C4E-6F1BA4DFD977}.Release|x86.ActiveCfg = Release|Any CPU
		{6CEC5544-1197-4384-8C4E-6F1BA4DFD977}.Release|x86.Build.0 = Release|Any CPU
		{BC84F4E1-F0BB-4A44-A56A-344900879AAE}.Debug|Any CPU.ActiveCfg = Debug|Any CPU
		{BC84F4E1-F0BB-4A44-A56A-344900879AAE}.Debug|Any CPU.Build.0 = Debug|Any CPU
		{BC84F4E1-F0BB-4A44-A56A-344900879AAE}.Debug|x64.ActiveCfg = Debug|Any CPU
		{BC84F4E1-F0BB-4A44-A56A-344900879AAE}.Debug|x64.Build.0 = Debug|Any CPU
		{BC84F4E1-F0BB-4A44-A56A-344900879AAE}.Debug|x86.ActiveCfg = Debug|Any CPU
		{BC84F4E1-F0BB-4A44-A56A-344900879AAE}.Debug|x86.Build.0 = Debug|Any CPU
		{BC84F4E1-F0BB-4A44-A56A-344900879AAE}.Release|Any CPU.ActiveCfg = Release|Any CPU
		{BC84F4E1-F0BB-4A44-A56A-344900879AAE}.Release|Any CPU.Build.0 = Release|Any CPU
		{BC84F4E1-F0BB-4A44-A56A-344900879AAE}.Release|x64.ActiveCfg = Release|Any CPU
		{BC84F4E1-F0BB-4A44-A56A-344900879AAE}.Release|x64.Build.0 = Release|Any CPU
		{BC84F4E1-F0BB-4A44-A56A-344900879AAE}.Release|x86.ActiveCfg = Release|Any CPU
		{BC84F4E1-F0BB-4A44-A56A-344900879AAE}.Release|x86.Build.0 = Release|Any CPU
	EndGlobalSection
	GlobalSection(SolutionProperties) = preSolution
		HideSolutionNode = FALSE
	EndGlobalSection
	GlobalSection(NestedProjects) = preSolution
		{E724D48F-7BD6-40D7-802B-73791F2C57DF} = {827E0CD3-B72D-47B6-A68D-7590B98EB39B}
		{8E5B5118-392D-43A5-B5C5-62DEEBBB42F2} = {827E0CD3-B72D-47B6-A68D-7590B98EB39B}
		{E30D8DA2-806F-48E7-A720-E92EFD1C478D} = {827E0CD3-B72D-47B6-A68D-7590B98EB39B}
		{5DB6A230-9A9C-4170-B1B9-5D18582924A1} = {827E0CD3-B72D-47B6-A68D-7590B98EB39B}
		{6CEC5544-1197-4384-8C4E-6F1BA4DFD977} = {0AB3BF05-4346-4AA6-1389-037BE0695223}
		{BC84F4E1-F0BB-4A44-A56A-344900879AAE} = {0AB3BF05-4346-4AA6-1389-037BE0695223}
	EndGlobalSection
EndGlobal
